
Microsoft Visual Studio Solution File, Format Version 12.00
# Visual Studio Version 16
VisualStudioVersion = 16.0.31129.286
MinimumVisualStudioVersion = 10.0.40219.1
Project("{9A19103F-16F7-4668-BE54-9A1E7A4F7556}") = "Lab1", "LabWork1TC\Lab1.csproj", "{064A2546-0C34-4082-B59D-D16320A62ECE}"
EndProject
Global
	GlobalSection(SolutionConfigurationPlatforms) = preSolution
		Debug|Any CPU = Debug|Any CPU
		Release|Any CPU = Release|Any CPU
	EndGlobalSection
	GlobalSection(ProjectConfigurationPlatforms) = postSolution
		{064A2546-0C34-4082-B59D-D16320A62ECE}.Debug|Any CPU.ActiveCfg = Debug|Any CPU
		{064A2546-0C34-4082-B59D-D16320A62ECE}.Debug|Any CPU.Build.0 = Debug|Any CPU
		{064A2546-0C34-4082-B59D-D16320A62ECE}.Release|Any CPU.ActiveCfg = Release|Any CPU
		{064A2546-0C34-4082-B59D-D16320A62ECE}.Release|Any CPU.Build.0 = Release|Any CPU
	EndGlobalSection
	GlobalSection(SolutionProperties) = preSolution
		HideSolutionNode = FALSE
	EndGlobalSection
	GlobalSection(ExtensibilityGlobals) = postSolution
		SolutionGuid = {75C3C4EE-680F-4D64-B707-24F484644F91}
	EndGlobalSection
EndGlobal
